
Microsoft Visual Studio Solution File, Format Version 12.00
# Visual Studio Version 17
VisualStudioVersion = 17.7.34024.191
MinimumVisualStudioVersion = 10.0.40219.1
Project("{FAE04EC0-301F-11D3-BF4B-00C04F79EFBC}") = "Info_transfer", "Info_transfer\Info_transfer.csproj", "{32E8B98B-2E28-4885-9FCF-548EB0E8CE81}"
EndProject
Global
	GlobalSection(SolutionConfigurationPlatforms) = preSolution
		Debug|Any CPU = Debug|Any CPU
		Release|Any CPU = Release|Any CPU
	EndGlobalSection
	GlobalSection(ProjectConfigurationPlatforms) = postSolution
		{32E8B98B-2E28-4885-9FCF-548EB0E8CE81}.Debug|Any CPU.ActiveCfg = Debug|Any CPU
		{32E8B98B-2E28-4885-9FCF-548EB0E8CE81}.Debug|Any CPU.Build.0 = Debug|Any CPU
		{32E8B98B-2E28-4885-9FCF-548EB0E8CE81}.Release|Any CPU.ActiveCfg = Release|Any CPU
		{32E8B98B-2E28-4885-9FCF-548EB0E8CE81}.Release|Any CPU.Build.0 = Release|Any CPU
	EndGlobalSection
	GlobalSection(SolutionProperties) = preSolution
		HideSolutionNode = FALSE
	EndGlobalSection
	GlobalSection(ExtensibilityGlobals) = postSolution
		SolutionGuid = {2CF620EE-73E2-4964-9C5C-87D92729CB97}
	EndGlobalSection
EndGlobal
