
Microsoft Visual Studio Solution File, Format Version 12.00
# Visual Studio Version 17
VisualStudioVersion = 17.7.34024.191
MinimumVisualStudioVersion = 10.0.40219.1
Project("{FAE04EC0-301F-11D3-BF4B-00C04F79EFBC}") = "excel_kalkulacijas", "excel_kalkulacijas\excel_kalkulacijas.csproj", "{2C5D2EA6-66E8-491C-A7FE-EC3A6AAEA55E}"
EndProject
Global
	GlobalSection(SolutionConfigurationPlatforms) = preSolution
		Debug|Any CPU = Debug|Any CPU
		Release|Any CPU = Release|Any CPU
	EndGlobalSection
	GlobalSection(ProjectConfigurationPlatforms) = postSolution
		{2C5D2EA6-66E8-491C-A7FE-EC3A6AAEA55E}.Debug|Any CPU.ActiveCfg = Debug|Any CPU
		{2C5D2EA6-66E8-491C-A7FE-EC3A6AAEA55E}.Debug|Any CPU.Build.0 = Debug|Any CPU
		{2C5D2EA6-66E8-491C-A7FE-EC3A6AAEA55E}.Release|Any CPU.ActiveCfg = Release|Any CPU
		{2C5D2EA6-66E8-491C-A7FE-EC3A6AAEA55E}.Release|Any CPU.Build.0 = Release|Any CPU
	EndGlobalSection
	GlobalSection(SolutionProperties) = preSolution
		HideSolutionNode = FALSE
	EndGlobalSection
	GlobalSection(ExtensibilityGlobals) = postSolution
		SolutionGuid = {86A8FA02-70E4-4AD1-8E90-A57E839C2382}
	EndGlobalSection
EndGlobal
